GEM
  remote: https://rubygems.org/
  specs:
    drb (2.2.3)
    minitest (6.0.2)
      drb (~> 2.0)
      prism (~> 1.5)
    prism (1.9.0)
    rake (13.3.1)
    rubyzip (3.2.2)
    strscan (3.1.7)

PLATFORMS
  arm64-darwin-23
  ruby

DEPENDENCIES
  bundler
  minitest
  rake
  rubyzip
  strscan

BUNDLED WITH
   2.5.16
